
Microsoft Visual Studio Solution File, Format Version 12.00
# Visual Studio 2012
Project("{FAE04EC0-301F-11D3-BF4B-00C04F79EFBC}") = "Player", "Player\Player.csproj", "{41D98313-4E60-4A0B-8ADE-1DF7E9507FBF}"
EndProject
Project("{FAE04EC0-301F-11D3-BF4B-00C04F79EFBC}") = "Player.Tests", "Player.Tests\Player.Tests.csproj", "{AB6FD35D-3CA7-4F7D-9E98-0A90E0F64DA8}"
EndProject
Global
	GlobalSection(SolutionConfigurationPlatforms) = preSolution
		Debug|Any CPU = Debug|Any CPU
		Debug|Mixed Platforms = Debug|Mixed Platforms
		Debug|x64 = Debug|x64
		Debug|x86 = Debug|x86
		Release|Any CPU = Release|Any CPU
		Release|Mixed Platforms = Release|Mixed Platforms
		Release|x64 = Release|x64
		Release|x86 = Release|x86
	EndGlobalSection
	GlobalSection(ProjectConfigurationPlatforms) = postSolution
		{41D98313-4E60-4A0B-8ADE-1DF7E9507FBF}.Debug|Any CPU.ActiveCfg = Debug|Any CPU
		{41D98313-4E60-4A0B-8ADE-1DF7E9507FBF}.Debug|Any CPU.Build.0 = Debug|Any CPU
		{41D98313-4E60-4A0B-8ADE-1DF7E9507FBF}.Debug|Mixed Platforms.ActiveCfg = Debug|Any CPU
		{41D98313-4E60-4A0B-8ADE-1DF7E9507FBF}.Debug|Mixed Platforms.Build.0 = Debug|Any CPU
		{41D98313-4E60-4A0B-8ADE-1DF7E9507FBF}.Debug|x64.ActiveCfg = Debug|Any CPU
		{41D98313-4E60-4A0B-8ADE-1DF7E9507FBF}.Debug|x86.ActiveCfg = Debug|Any CPU
		{41D98313-4E60-4A0B-8ADE-1DF7E9507FBF}.Release|Any CPU.ActiveCfg = Release|Any CPU
		{41D98313-4E60-4A0B-8ADE-1DF7E9507FBF}.Release|Any CPU.Build.0 = Release|Any CPU
		{41D98313-4E60-4A0B-8ADE-1DF7E9507FBF}.Release|Mixed Platforms.ActiveCfg = Release|Any CPU
		{41D98313-4E60-4A0B-8ADE-1DF7E9507FBF}.Release|Mixed Platforms.Build.0 = Release|Any CPU
		{41D98313-4E60-4A0B-8ADE-1DF7E9507FBF}.Release|x64.ActiveCfg = Release|Any CPU
		{41D98313-4E60-4A0B-8ADE-1DF7E9507FBF}.Release|x86.ActiveCfg = Release|Any CPU
		{AB6FD35D-3CA7-4F7D-9E98-0A90E0F64DA8}.Debug|Any CPU.ActiveCfg = Debug|Any CPU
		{AB6FD35D-3CA7-4F7D-9E98-0A90E0F64DA8}.Debug|Any CPU.Build.0 = Debug|Any CPU
		{AB6FD35D-3CA7-4F7D-9E98-0A90E0F64DA8}.Debug|Mixed Platforms.ActiveCfg = Debug|Any CPU
		{AB6FD35D-3CA7-4F7D-9E98-0A90E0F64DA8}.Debug|Mixed Platforms.Build.0 = Debug|Any CPU
		{AB6FD35D-3CA7-4F7D-9E98-0A90E0F64DA8}.Debug|x64.ActiveCfg = Debug|Any CPU
		{AB6FD35D-3CA7-4F7D-9E98-0A90E0F64DA8}.Debug|x86.ActiveCfg = Debug|Any CPU
		{AB6FD35D-3CA7-4F7D-9E98-0A90E0F64DA8}.Release|Any CPU.ActiveCfg = Release|Any CPU
		{AB6FD35D-3CA7-4F7D-9E98-0A90E0F64DA8}.Release|Any CPU.Build.0 = Release|Any CPU
		{AB6FD35D-3CA7-4F7D-9E98-0A90E0F64DA8}.Release|Mixed Platforms.ActiveCfg = Release|Any CPU
		{AB6FD35D-3CA7-4F7D-9E98-0A90E0F64DA8}.Release|Mixed Platforms.Build.0 = Release|Any CPU
		{AB6FD35D-3CA7-4F7D-9E98-0A90E0F64DA8}.Release|x64.ActiveCfg = Release|Any CPU
		{AB6FD35D-3CA7-4F7D-9E98-0A90E0F64DA8}.Release|x86.ActiveCfg = Release|Any CPU
	EndGlobalSection
	GlobalSection(SolutionProperties) = preSolution
		HideSolutionNode = FALSE
	EndGlobalSection
EndGlobal
